{
  "name": "arduino-smartrobot-obstacle",
  "version": "0.0.1",
  "lockfileVersion": 1,
  "requires": true,
  "dependencies": {
    "arduino-drivelib": {
      "version": "git+https://github.com/elgambet/arduino-drivelib.git#8726f266940d905b2110d1ef6ac00b4532350a5d"
    },
    "arduino-eyelib": {
      "version": "git+https://github.com/elgambet/arduino-eyelib.git#ddff48e3fd03ef7ba189447b2475c1e46e403624"
    },
    "arduino-irremote": {
      "version": "git+https://github.com/elgambet/Arduino-IRremote.git#2c7c33ee35493a147858b3d7fb795d8b69a6ca7b"
    }
  }
}
